{
  "requires": true,
  "lockfileVersion": 1,
  "dependencies": {
    "vue-apexcharts": {
      "version": "1.6.0",
      "resolved": "https://registry.npmjs.org/vue-apexcharts/-/vue-apexcharts-1.6.0.tgz",
      "integrity": "sha512-sT6tuVTLBwfH3TA7azecDNS/W70bmz14ZJI7aE7QIqcG9I6OywyH7x3hcOeY1v1DxttI8Svc5RuYj4Dd+A5F4g=="
    }
  }
}
